
Microsoft Visual Studio Solution File, Format Version 12.00
# Visual Studio 15
VisualStudioVersion = 15.0.28010.2036
MinimumVisualStudioVersion = 10.0.40219.1
Project("{FAE04EC0-301F-11D3-BF4B-00C04F79EFBC}") = "server", "server\server.csproj", "{7C92DDF9-8602-4B3D-89BE-31B7D2D8F084}"
EndProject
Global
	GlobalSection(SolutionConfigurationPlatforms) = preSolution
		Debug|Any CPU = Debug|Any CPU
		Release|Any CPU = Release|Any CPU
	EndGlobalSection
	GlobalSection(ProjectConfigurationPlatforms) = postSolution
		{7C92DDF9-8602-4B3D-89BE-31B7D2D8F084}.Debug|Any CPU.ActiveCfg = Debug|Any CPU
		{7C92DDF9-8602-4B3D-89BE-31B7D2D8F084}.Debug|Any CPU.Build.0 = Debug|Any CPU
		{7C92DDF9-8602-4B3D-89BE-31B7D2D8F084}.Release|Any CPU.ActiveCfg = Release|Any CPU
		{7C92DDF9-8602-4B3D-89BE-31B7D2D8F084}.Release|Any CPU.Build.0 = Release|Any CPU
	EndGlobalSection
	GlobalSection(SolutionProperties) = preSolution
		HideSolutionNode = FALSE
	EndGlobalSection
	GlobalSection(ExtensibilityGlobals) = postSolution
		SolutionGuid = {86DBCB73-AD81-4B79-8FD0-2A35D544D156}
	EndGlobalSection
EndGlobal
